
Microsoft Visual Studio Solution File, Format Version 12.00
# Visual Studio Version 17
VisualStudioVersion = 17.10.34928.147
MinimumVisualStudioVersion = 10.0.40219.1
Project("{FAE04EC0-301F-11D3-BF4B-00C04F79EFBC}") = "JogoNumero", "JogoNumero\JogoNumero.csproj", "{9426E798-CB3A-41D9-A384-68BFFA11ACC9}"
EndProject
Global
	GlobalSection(SolutionConfigurationPlatforms) = preSolution
		Debug|Any CPU = Debug|Any CPU
		Release|Any CPU = Release|Any CPU
	EndGlobalSection
	GlobalSection(ProjectConfigurationPlatforms) = postSolution
		{9426E798-CB3A-41D9-A384-68BFFA11ACC9}.Debug|Any CPU.ActiveCfg = Debug|Any CPU
		{9426E798-CB3A-41D9-A384-68BFFA11ACC9}.Debug|Any CPU.Build.0 = Debug|Any CPU
		{9426E798-CB3A-41D9-A384-68BFFA11ACC9}.Release|Any CPU.ActiveCfg = Release|Any CPU
		{9426E798-CB3A-41D9-A384-68BFFA11ACC9}.Release|Any CPU.Build.0 = Release|Any CPU
	EndGlobalSection
	GlobalSection(SolutionProperties) = preSolution
		HideSolutionNode = FALSE
	EndGlobalSection
	GlobalSection(ExtensibilityGlobals) = postSolution
		SolutionGuid = {AC9E9E58-A83C-489B-96B6-D7342DEAD610}
	EndGlobalSection
EndGlobal
